
Microsoft Visual Studio Solution File, Format Version 12.00
# Visual Studio 15
VisualStudioVersion = 15.0.27703.2042
MinimumVisualStudioVersion = 10.0.40219.1
Project("{FAE04EC0-301F-11D3-BF4B-00C04F79EFBC}") = "RedisConsoleSample", "RedisConsoleSample\RedisConsoleSample.csproj", "{21E569EF-ABD5-4197-98C5-9419B1B67EB4}"
EndProject
Project("{FAE04EC0-301F-11D3-BF4B-00C04F79EFBC}") = "RedisWebSample", "RedisWebSample\RedisWebSample.csproj", "{37B5B5F4-65A4-4A8A-A422-B8A48C5392EB}"
EndProject
Global
	GlobalSection(SolutionConfigurationPlatforms) = preSolution
		Debug|Any CPU = Debug|Any CPU
		Release|Any CPU = Release|Any CPU
	EndGlobalSection
	GlobalSection(ProjectConfigurationPlatforms) = postSolution
		{21E569EF-ABD5-4197-98C5-9419B1B67EB4}.Debug|Any CPU.ActiveCfg = Debug|Any CPU
		{21E569EF-ABD5-4197-98C5-9419B1B67EB4}.Debug|Any CPU.Build.0 = Debug|Any CPU
		{21E569EF-ABD5-4197-98C5-9419B1B67EB4}.Release|Any CPU.ActiveCfg = Release|Any CPU
		{21E569EF-ABD5-4197-98C5-9419B1B67EB4}.Release|Any CPU.Build.0 = Release|Any CPU
		{37B5B5F4-65A4-4A8A-A422-B8A48C5392EB}.Debug|Any CPU.ActiveCfg = Debug|Any CPU
		{37B5B5F4-65A4-4A8A-A422-B8A48C5392EB}.Debug|Any CPU.Build.0 = Debug|Any CPU
		{37B5B5F4-65A4-4A8A-A422-B8A48C5392EB}.Release|Any CPU.ActiveCfg = Release|Any CPU
		{37B5B5F4-65A4-4A8A-A422-B8A48C5392EB}.Release|Any CPU.Build.0 = Release|Any CPU
	EndGlobalSection
	GlobalSection(SolutionProperties) = preSolution
		HideSolutionNode = FALSE
	EndGlobalSection
	GlobalSection(ExtensibilityGlobals) = postSolution
		SolutionGuid = {4659D2FA-3955-4DAD-BE08-867E46F772D8}
	EndGlobalSection
EndGlobal
